
Microsoft Visual Studio Solution File, Format Version 12.00
# Visual Studio Version 16
VisualStudioVersion = 16.0.31624.102
MinimumVisualStudioVersion = 10.0.40219.1
Project("{8BC9CEB8-8B4A-11D0-8D11-00A0C91BC942}") = "test_8_26_2019", "test_8_26_2019\test_8_26_2019.vcxproj", "{A1BDE9DF-7108-4726-BA45-C2049733828B}"
EndProject
Global
	GlobalSection(SolutionConfigurationPlatforms) = preSolution
		Debug|x64 = Debug|x64
		Debug|x86 = Debug|x86
		Release|x64 = Release|x64
		Release|x86 = Release|x86
	EndGlobalSection
	GlobalSection(ProjectConfigurationPlatforms) = postSolution
		{A1BDE9DF-7108-4726-BA45-C2049733828B}.Debug|x64.ActiveCfg = Debug|x64
		{A1BDE9DF-7108-4726-BA45-C2049733828B}.Debug|x64.Build.0 = Debug|x64
		{A1BDE9DF-7108-4726-BA45-C2049733828B}.Debug|x86.ActiveCfg = Debug|Win32
		{A1BDE9DF-7108-4726-BA45-C2049733828B}.Debug|x86.Build.0 = Debug|Win32
		{A1BDE9DF-7108-4726-BA45-C2049733828B}.Release|x64.ActiveCfg = Release|x64
		{A1BDE9DF-7108-4726-BA45-C2049733828B}.Release|x64.Build.0 = Release|x64
		{A1BDE9DF-7108-4726-BA45-C2049733828B}.Release|x86.ActiveCfg = Release|Win32
		{A1BDE9DF-7108-4726-BA45-C2049733828B}.Release|x86.Build.0 = Release|Win32
	EndGlobalSection
	GlobalSection(SolutionProperties) = preSolution
		HideSolutionNode = FALSE
	EndGlobalSection
	GlobalSection(ExtensibilityGlobals) = postSolution
		SolutionGuid = {58D7CE15-65B5-412B-ABE2-AFB8B320903D}
	EndGlobalSection
EndGlobal
